Microsoft Visual Studio Solution File, Format Version 12.00
# Visual Studio Version 17
VisualStudioVersion = 17.5.2.0
MinimumVisualStudioVersion = 10.0.40219.1
Project("{FAE04EC0-301F-11D3-BF4B-00C04F79EFBC}") = "API_MBProject", "API_MBProject.csproj", "{AA4DCF1F-A41D-0F36-025D-7C4D5DC9F636}"
EndProject
Global
	GlobalSection(SolutionConfigurationPlatforms) = preSolution
		Debug|Any CPU = Debug|Any CPU
		Release|Any CPU = Release|Any CPU
	EndGlobalSection
	GlobalSection(ProjectConfigurationPlatforms) = postSolution
		{AA4DCF1F-A41D-0F36-025D-7C4D5DC9F636}.Debug|Any CPU.ActiveCfg = Debug|Any CPU
		{AA4DCF1F-A41D-0F36-025D-7C4D5DC9F636}.Debug|Any CPU.Build.0 = Debug|Any CPU
		{AA4DCF1F-A41D-0F36-025D-7C4D5DC9F636}.Release|Any CPU.ActiveCfg = Release|Any CPU
		{AA4DCF1F-A41D-0F36-025D-7C4D5DC9F636}.Release|Any CPU.Build.0 = Release|Any CPU
	EndGlobalSection
	GlobalSection(SolutionProperties) = preSolution
		HideSolutionNode = FALSE
	EndGlobalSection
	GlobalSection(ExtensibilityGlobals) = postSolution
		SolutionGuid = {B3AC7FCA-1A11-4783-BA52-C320C0040FC4}
	EndGlobalSection
EndGlobal
